// !$*UTF8*$!
{
	archiveVersion = 1;
	classes = {
	};
	objectVersion = 56;
	objects = {

/* Begin PBXBuildFile section */
		2C0E18A82B0F96CE009DB237 /* CustomCircleView.swift in Sources */ = {isa = PBXBuildFile; fileRef = 2C0E18A72B0F96CE009DB237 /* CustomCircleView.swift */; };
		2C0E18AA2B0F9B08009DB237 /* MotionAnimationView.swift in Sources */ = {isa = PBXBuildFile; fileRef = 2C0E18A92B0F9B08009DB237 /* MotionAnimationView.swift */; };
		2C0E18AD2B0FA13D009DB237 /* SettingView.swift in Sources */ = {isa = PBXBuildFile; fileRef = 2C0E18AC2B0FA13D009DB237 /* SettingView.swift */; };
		2C0E18AF2B0FAD65009DB237 /* CustomListRowView.swift in Sources */ = {isa = PBXBuildFile; fileRef = 2C0E18AE2B0FAD65009DB237 /* CustomListRowView.swift */; };
		2C4F1E352B0CF8A300C9E629 /* CardView.swift in Sources */ = {isa = PBXBuildFile; fileRef = 2C4F1E342B0CF8A300C9E629 /* CardView.swift */; };
		2C4F1E382B0CF93500C9E629 /* ComtomBackgroundView.swift in Sources */ = {isa = PBXBuildFile; fileRef = 2C4F1E372B0CF93500C9E629 /* ComtomBackgroundView.swift */; };
		2CA720CA2B0CF34300B3AB72 /* HikeAppApp.swift in Sources */ = {isa = PBXBuildFile; fileRef = 2CA720C92B0CF34300B3AB72 /* HikeAppApp.swift */; };
		2CA720CC2B0CF34300B3AB72 /* ContentView.swift in Sources */ = {isa = PBXBuildFile; fileRef = 2CA720CB2B0CF34300B3AB72 /* ContentView.swift */; };
		2CA720CE2B0CF34400B3AB72 /* Assets.xcassets in Resources */ = {isa = PBXBuildFile; fileRef = 2CA720CD2B0CF34400B3AB72 /* Assets.xcassets */; };
		2CA720D12B0CF34400B3AB72 /* Preview Assets.xcassets in Resources */ = {isa = PBXBuildFile; fileRef = 2CA720D02B0CF34400B3AB72 /* Preview Assets.xcassets */; };
		2CE0D4FF2B0E4A0900CF51C7 /* CustomButtonView.swift in Sources */ = {isa = PBXBuildFile; fileRef = 2CE0D4FE2B0E4A0900CF51C7 /* CustomButtonView.swift */; };
		2CE0D5032B0F823B00CF51C7 /* GradientButtonStyle.swift in Sources */ = {isa = PBXBuildFile; fileRef = 2CE0D5022B0F823B00CF51C7 /* GradientButtonStyle.swift */; };
/* End PBXBuildFile section */

/* Begin PBXFileReference section */
		2C0E18A72B0F96CE009DB237 /* CustomCircleView.swift */ = {isa = PBXFileReference; lastKnownFileType = sourcecode.swift; path = CustomCircleView.swift; sourceTree = "<group>"; };
		2C0E18A92B0F9B08009DB237 /* MotionAnimationView.swift */ = {isa = PBXFileReference; lastKnownFileType = sourcecode.swift; path = MotionAnimationView.swift; sourceTree = "<group>"; };
		2C0E18AC2B0FA13D009DB237 /* SettingView.swift */ = {isa = PBXFileReference; lastKnownFileType = sourcecode.swift; path = SettingView.swift; sourceTree = "<group>"; };
		2C0E18AE2B0FAD65009DB237 /* CustomListRowView.swift */ = {isa = PBXFileReference; lastKnownFileType = sourcecode.swift; path = CustomListRowView.swift; sourceTree = "<group>"; };
		2C4F1E342B0CF8A300C9E629 /* CardView.swift */ = {isa = PBXFileReference; lastKnownFileType = sourcecode.swift; path = CardView.swift; sourceTree = "<group>"; };
		2C4F1E372B0CF93500C9E629 /* ComtomBackgroundView.swift */ = {isa = PBXFileReference; lastKnownFileType = sourcecode.swift; path = ComtomBackgroundView.swift; sourceTree = "<group>"; };
		2CA720C62B0CF34300B3AB72 /* HikeApp.app */ = {isa = PBXFileReference; explicitFileType = wrapper.application; includeInIndex = 0; path = HikeApp.app; sourceTree = BUILT_PRODUCTS_DIR; };
		2CA720C92B0CF34300B3AB72 /* HikeAppApp.swift */ = {isa = PBXFileReference; lastKnownFileType = sourcecode.swift; path = HikeAppApp.swift; sourceTree = "<group>"; };
		2CA720CB2B0CF34300B3AB72 /* ContentView.swift */ = {isa = PBXFileReference; lastKnownFileType = sourcecode.swift; path = ContentView.swift; sourceTree = "<group>"; };
		2CA720CD2B0CF34400B3AB72 /* Assets.xcassets */ = {isa = PBXFileReference; lastKnownFileType = folder.assetcatalog; path = Assets.xcassets; sourceTree = "<group>"; };
		2CA720D02B0CF34400B3AB72 /* Preview Assets.xcassets */ = {isa = PBXFileReference; lastKnownFileType = folder.assetcatalog; path = "Preview Assets.xcassets"; sourceTree = "<group>"; };
		2CE0D4FE2B0E4A0900CF51C7 /* CustomButtonView.swift */ = {isa = PBXFileReference; lastKnownFileType = sourcecode.swift; path = CustomButtonView.swift; sourceTree = "<group>"; };
		2CE0D5022B0F823B00CF51C7 /* GradientButtonStyle.swift */ = {isa = PBXFileReference; lastKnownFileType = sourcecode.swift; path = GradientButtonStyle.swift; sourceTree = "<group>"; };
/* End PBXFileReference section */

/* Begin PBXFrameworksBuildPhase section */
		2CA720C32B0CF34300B3AB72 /* Frameworks */ = {
			isa = PBXFrameworksBuildPhase;
			buildActionMask = 2147483647;
			files = (
			);
			runOnlyForDeploymentPostprocessing = 0;
		};
/* End PBXFrameworksBuildPhase section */

/* Begin PBXGroup section */
		2C0E18A62B0F96B4009DB237 /* Utils */ = {
			isa = PBXGroup;
			children = (
				2CE0D5022B0F823B00CF51C7 /* GradientButtonStyle.swift */,
			);
			path = Utils;
			sourceTree = "<group>";
		};
		2C0E18AB2B0FA130009DB237 /* Screen */ = {
			isa = PBXGroup;
			children = (
				2CA720CB2B0CF34300B3AB72 /* ContentView.swift */,
				2C0E18AC2B0FA13D009DB237 /* SettingView.swift */,
			);
			path = Screen;
			sourceTree = "<group>";
		};
		2C4F1E362B0CF91F00C9E629 /* Component */ = {
			isa = PBXGroup;
			children = (
				2C4F1E342B0CF8A300C9E629 /* CardView.swift */,
				2C4F1E372B0CF93500C9E629 /* ComtomBackgroundView.swift */,
				2CE0D4FE2B0E4A0900CF51C7 /* CustomButtonView.swift */,
				2C0E18A72B0F96CE009DB237 /* CustomCircleView.swift */,
				2C0E18A92B0F9B08009DB237 /* MotionAnimationView.swift */,
				2C0E18AE2B0FAD65009DB237 /* CustomListRowView.swift */,
			);
			path = Component;
			sourceTree = "<group>";
		};
		2CA720BD2B0CF34300B3AB72 = {
			isa = PBXGroup;
			children = (
				2CA720C82B0CF34300B3AB72 /* HikeApp */,
				2CA720C72B0CF34300B3AB72 /* Products */,
			);
			sourceTree = "<group>";
		};
		2CA720C72B0CF34300B3AB72 /* Products */ = {
			isa = PBXGroup;
			children = (
				2CA720C62B0CF34300B3AB72 /* HikeApp.app */,
			);
			name = Products;
			sourceTree = "<group>";
		};
		2CA720C82B0CF34300B3AB72 /* HikeApp */ = {
			isa = PBXGroup;
			children = (
				2C0E18AB2B0FA130009DB237 /* Screen */,
				2C0E18A62B0F96B4009DB237 /* Utils */,
				2CA720C92B0CF34300B3AB72 /* HikeAppApp.swift */,
				2CA720CD2B0CF34400B3AB72 /* Assets.xcassets */,
				2CA720CF2B0CF34400B3AB72 /* Preview Content */,
				2C4F1E362B0CF91F00C9E629 /* Component */,
			);
			path = HikeApp;
			sourceTree = "<group>";
		};
		2CA720CF2B0CF34400B3AB72 /* Preview Content */ = {
			isa = PBXGroup;
			children = (
				2CA720D02B0CF34400B3AB72 /* Preview Assets.xcassets */,
			);
			path = "Preview Content";
			sourceTree = "<group>";
		};
/* End PBXGroup section */

/* Begin PBXNativeTarget section */
		2CA720C52B0CF34300B3AB72 /* HikeApp */ = {
			isa = PBXNativeTarget;
			buildConfigurationList = 2CA720D42B0CF34400B3AB72 /* Build configuration list for PBXNativeTarget "HikeApp" */;
			buildPhases = (
				2CA720C22B0CF34300B3AB72 /* Sources */,
				2CA720C32B0CF34300B3AB72 /* Frameworks */,
				2CA720C42B0CF34300B3AB72 /* Resources */,
			);
			buildRules = (
			);
			dependencies = (
			);
			name = HikeApp;
			productName = HikeApp;
			productReference = 2CA720C62B0CF34300B3AB72 /* HikeApp.app */;
			productType = "com.apple.product-type.application";
		};
/* End PBXNativeTarget section */

/* Begin PBXProject section */
		2CA720BE2B0CF34300B3AB72 /* Project object */ = {
			isa = PBXProject;
			attributes = {
				BuildIndependentTargetsInParallel = 1;
				LastSwiftUpdateCheck = 1500;
				LastUpgradeCheck = 1500;
				TargetAttributes = {
					2CA720C52B0CF34300B3AB72 = {
						CreatedOnToolsVersion = 15.0;
					};
				};
			};
			buildConfigurationList = 2CA720C12B0CF34300B3AB72 /* Build configuration list for PBXProject "HikeApp" */;
			compatibilityVersion = "Xcode 14.0";
			developmentRegion = en;
			hasScannedForEncodings = 0;
			knownRegions = (
				en,
				Base,
			);
			mainGroup = 2CA720BD2B0CF34300B3AB72;
			productRefGroup = 2CA720C72B0CF34300B3AB72 /* Products */;
			projectDirPath = "";
			projectRoot = "";
			targets = (
				2CA720C52B0CF34300B3AB72 /* HikeApp */,
			);
		};
/* End PBXProject section */

/* Begin PBXResourcesBuildPhase section */
		2CA720C42B0CF34300B3AB72 /* Resources */ = {
			isa = PBXResourcesBuildPhase;
			buildActionMask = 2147483647;
			files = (
				2CA720D12B0CF34400B3AB72 /* Preview Assets.xcassets in Resources */,
				2CA720CE2B0CF34400B3AB72 /* Assets.xcassets in Resources */,
			);
			runOnlyForDeploymentPostprocessing = 0;
		};
/* End PBXResourcesBuildPhase section */

/* Begin PBXSourcesBuildPhase section */
		2CA720C22B0CF34300B3AB72 /* Sources */ = {
			isa = PBXSourcesBuildPhase;
			buildActionMask = 2147483647;
			files = (
				2CE0D4FF2B0E4A0900CF51C7 /* CustomButtonView.swift in Sources */,
				2CA720CC2B0CF34300B3AB72 /* ContentView.swift in Sources */,
				2C0E18AF2B0FAD65009DB237 /* CustomListRowView.swift in Sources */,
				2C4F1E352B0CF8A300C9E629 /* CardView.swift in Sources */,
				2C0E18AD2B0FA13D009DB237 /* SettingView.swift in Sources */,
				2C0E18A82B0F96CE009DB237 /* CustomCircleView.swift in Sources */,
				2CE0D5032B0F823B00CF51C7 /* GradientButtonStyle.swift in Sources */,
				2C0E18AA2B0F9B08009DB237 /* MotionAnimationView.swift in Sources */,
				2CA720CA2B0CF34300B3AB72 /* HikeAppApp.swift in Sources */,
				2C4F1E382B0CF93500C9E629 /* ComtomBackgroundView.swift in Sources */,
			);
			runOnlyForDeploymentPostprocessing = 0;
		};
/* End PBXSourcesBuildPhase section */

/* Begin XCBuildConfiguration section */
		2CA720D22B0CF34400B3AB72 /* Debug */ = {
			isa = XCBuildConfiguration;
			buildSettings = {
				ALWAYS_SEARCH_USER_PATHS = NO;
				ASSETCATALOG_COMPILER_GENERATE_SWIFT_ASSET_SYMBOL_EXTENSIONS = YES;
				CLANG_ANALYZER_NONNULL = YES;
				CLANG_ANALYZER_NUMBER_OBJECT_CONVERSION = YES_AGGRESSIVE;
				CLANG_CXX_LANGUAGE_STANDARD = "gnu++20";
				CLANG_ENABLE_MODULES = YES;
				CLANG_ENABLE_OBJC_ARC = YES;
				CLANG_ENABLE_OBJC_WEAK = YES;
				CLANG_WARN_BLOCK_CAPTURE_AUTORELEASING = YES;
				CLANG_WARN_BOOL_CONVERSION = YES;
				CLANG_WARN_COMMA = YES;
				CLANG_WARN_CONSTANT_CONVERSION = YES;
				CLANG_WARN_DEPRECATED_OBJC_IMPLEMENTATIONS = YES;
				CLANG_WARN_DIRECT_OBJC_ISA_USAGE = YES_ERROR;
				CLANG_WARN_DOCUMENTATION_COMMENTS = YES;
				CLANG_WARN_EMPTY_BODY = YES;
				CLANG_WARN_ENUM_CONVERSION = YES;
				CLANG_WARN_INFINITE_RECURSION = YES;
				CLANG_WARN_INT_CONVERSION = YES;
				CLANG_WARN_NON_LITERAL_NULL_CONVERSION = YES;
				CLANG_WARN_OBJC_IMPLICIT_RETAIN_SELF = YES;
				CLANG_WARN_OBJC_LITERAL_CONVERSION = YES;
				CLANG_WARN_OBJC_ROOT_CLASS = YES_ERROR;
				CLANG_WARN_QUOTED_INCLUDE_IN_FRAMEWORK_HEADER = YES;
				CLANG_WARN_RANGE_LOOP_ANALYSIS = YES;
				CLANG_WARN_STRICT_PROTOTYPES = YES;
				CLANG_WARN_SUSPICIOUS_MOVE = YES;
				CLANG_WARN_UNGUARDED_AVAILABILITY = YES_AGGRESSIVE;
				CLANG_WARN_UNREACHABLE_CODE = YES;
				CLANG_WARN__DUPLICATE_METHOD_MATCH = YES;
				COPY_PHASE_STRIP = NO;
				DEBUG_INFORMATION_FORMAT = dwarf;
				ENABLE_STRICT_OBJC_MSGSEND = YES;
				ENABLE_TESTABILITY = YES;
				ENABLE_USER_SCRIPT_SANDBOXING = YES;
				GCC_C_LANGUAGE_STANDARD = gnu17;
				GCC_DYNAMIC_NO_PIC = NO;
				GCC_NO_COMMON_BLOCKS = YES;
				GCC_OPTIMIZATION_LEVEL = 0;
				GCC_PREPROCESSOR_DEFINITIONS = (
					"DEBUG=1",
					"$(inherited)",
				);
				GCC_WARN_64_TO_32_BIT_CONVERSION = YES;
				GCC_WARN_ABOUT_RETURN_TYPE = YES_ERROR;
				GCC_WARN_UNDECLARED_SELECTOR = YES;
				GCC_WARN_UNINITIALIZED_AUTOS = YES_AGGRESSIVE;
				GCC_WARN_UNUSED_FUNCTION = YES;
				GCC_WARN_UNUSED_VARIABLE = YES;
				IPHONEOS_DEPLOYMENT_TARGET = 17.0;
				LOCALIZATION_PREFERS_STRING_CATALOGS = YES;
				MTL_ENABLE_DEBUG_INFO = INCLUDE_SOURCE;
				MTL_FAST_MATH = YES;
				ONLY_ACTIVE_ARCH = YES;
				SDKROOT = iphoneos;
				SWIFT_ACTIVE_COMPILATION_CONDITIONS = "DEBUG $(inherited)";
				SWIFT_OPTIMIZATION_LEVEL = "-Onone";
			};
			name = Debug;
		};
		2CA720D32B0CF34400B3AB72 /* Release */ = {
			isa = XCBuildConfiguration;
			buildSettings = {
				ALWAYS_SEARCH_USER_PATHS = NO;
				ASSETCATALOG_COMPILER_GENERATE_SWIFT_ASSET_SYMBOL_EXTENSIONS = YES;
				CLANG_ANALYZER_NONNULL = YES;
				CLANG_ANALYZER_NUMBER_OBJECT_CONVERSION = YES_AGGRESSIVE;
				CLANG_CXX_LANGUAGE_STANDARD = "gnu++20";
				CLANG_ENABLE_MODULES = YES;
				CLANG_ENABLE_OBJC_ARC = YES;
				CLANG_ENABLE_OBJC_WEAK = YES;
				CLANG_WARN_BLOCK_CAPTURE_AUTORELEASING = YES;
				CLANG_WARN_BOOL_CONVERSION = YES;
				CLANG_WARN_COMMA = YES;
				CLANG_WARN_CONSTANT_CONVERSION = YES;
				CLANG_WARN_DEPRECATED_OBJC_IMPLEMENTATIONS = YES;
				CLANG_WARN_DIRECT_OBJC_ISA_USAGE = YES_ERROR;
				CLANG_WARN_DOCUMENTATION_COMMENTS = YES;
				CLANG_WARN_EMPTY_BODY = YES;
				CLANG_WARN_ENUM_CONVERSION = YES;
				CLANG_WARN_INFINITE_RECURSION = YES;
				CLANG_WARN_INT_CONVERSION = YES;
				CLANG_WARN_NON_LITERAL_NULL_CONVERSION = YES;
				CLANG_WARN_OBJC_IMPLICIT_RETAIN_SELF = YES;
				CLANG_WARN_OBJC_LITERAL_CONVERSION = YES;
				CLANG_WARN_OBJC_ROOT_CLASS = YES_ERROR;
				CLANG_WARN_QUOTED_INCLUDE_IN_FRAMEWORK_HEADER = YES;
				CLANG_WARN_RANGE_LOOP_ANALYSIS = YES;
				CLANG_WARN_STRICT_PROTOTYPES = YES;
				CLANG_WARN_SUSPICIOUS_MOVE = YES;
				CLANG_WARN_UNGUARDED_AVAILABILITY = YES_AGGRESSIVE;
				CLANG_WARN_UNREACHABLE_CODE = YES;
				CLANG_WARN__DUPLICATE_METHOD_MATCH = YES;
				COPY_PHASE_STRIP = NO;
				DEBUG_INFORMATION_FORMAT = "dwarf-with-dsym";
				ENABLE_NS_ASSERTIONS = NO;
				ENABLE_STRICT_OBJC_MSGSEND = YES;
				ENABLE_USER_SCRIPT_SANDBOXING = YES;
				GCC_C_LANGUAGE_STANDARD = gnu17;
				GCC_NO_COMMON_BLOCKS = YES;
				GCC_WARN_64_TO_32_BIT_CONVERSION = YES;
				GCC_WARN_ABOUT_RETURN_TYPE = YES_ERROR;
				GCC_WARN_UNDECLARED_SELECTOR = YES;
				GCC_WARN_UNINITIALIZED_AUTOS = YES_AGGRESSIVE;
				GCC_WARN_UNUSED_FUNCTION = YES;
				GCC_WARN_UNUSED_VARIABLE = YES;
				IPHONEOS_DEPLOYMENT_TARGET = 17.0;
				LOCALIZATION_PREFERS_STRING_CATALOGS = YES;
				MTL_ENABLE_DEBUG_INFO = NO;
				MTL_FAST_MATH = YES;
				SDKROOT = iphoneos;
				SWIFT_COMPILATION_MODE = wholemodule;
				VALIDATE_PRODUCT = YES;
			};
			name = Release;
		};
		2CA720D52B0CF34400B3AB72 /* Debug */ = {
			isa = XCBuildConfiguration;
			buildSettings = {
				ASSETCATALOG_COMPILER_ALTERNATE_APPICON_NAMES = "AppIcon-Campfire AppIcon-Backpack AppIcon-Mushroom AppIcon-Camera AppIcon-Map AppIcon-MagnifyingGlass";
				ASSETCATALOG_COMPILER_APPICON_NAME = AppIcon;
				ASSETCATALOG_COMPILER_GLOBAL_ACCENT_COLOR_NAME = AccentColor;
				ASSETCATALOG_COMPILER_INCLUDE_ALL_APPICON_ASSETS = YES;
				CODE_SIGN_STYLE = Automatic;
				CURRENT_PROJECT_VERSION = 1;
				DEVELOPMENT_ASSET_PATHS = "\"HikeApp/Preview Content\"";
				DEVELOPMENT_TEAM = NP2MGYX5PG;
				ENABLE_PREVIEWS = YES;
				GENERATE_INFOPLIST_FILE = YES;
				INFOPLIST_KEY_UIApplicationSceneManifest_Generation = YES;
				INFOPLIST_KEY_UIApplicationSupportsIndirectInputEvents = YES;
				INFOPLIST_KEY_UILaunchScreen_Generation = YES;
				INFOPLIST_KEY_UISupportedInterfaceOrientations_iPad = "UIInterfaceOrientationPortrait UIInterfaceOrientationPortraitUpsideDown UIInterfaceOrientationLandscapeLeft UIInterfaceOrientationLandscapeRight";
				INFOPLIST_KEY_UISupportedInterfaceOrientations_iPhone = "UIInterfaceOrientationPortrait UIInterfaceOrientationLandscapeLeft UIInterfaceOrientationLandscapeRight";
				LD_RUNPATH_SEARCH_PATHS = (
					"$(inherited)",
					"@executable_path/Frameworks",
				);
				MARKETING_VERSION = 1.0;
				PRODUCT_BUNDLE_IDENTIFIER = com.hyeongyu.HikeApp;
				PRODUCT_NAME = "$(TARGET_NAME)";
				SWIFT_EMIT_LOC_STRINGS = YES;
				SWIFT_VERSION = 5.0;
				TARGETED_DEVICE_FAMILY = "1,2";
			};
			name = Debug;
		};
		2CA720D62B0CF34400B3AB72 /* Release */ = {
			isa = XCBuildConfiguration;
			buildSettings = {
				ASSETCATALOG_COMPILER_ALTERNATE_APPICON_NAMES = "AppIcon-Campfire AppIcon-Backpack AppIcon-Mushroom AppIcon-Camera AppIcon-Map AppIcon-MagnifyingGlass";
				ASSETCATALOG_COMPILER_APPICON_NAME = AppIcon;
				ASSETCATALOG_COMPILER_GLOBAL_ACCENT_COLOR_NAME = AccentColor;
				ASSETCATALOG_COMPILER_INCLUDE_ALL_APPICON_ASSETS = YES;
				CODE_SIGN_STYLE = Automatic;
				CURRENT_PROJECT_VERSION = 1;
				DEVELOPMENT_ASSET_PATHS = "\"HikeApp/Preview Content\"";
				DEVELOPMENT_TEAM = NP2MGYX5PG;
				ENABLE_PREVIEWS = YES;
				GENERATE_INFOPLIST_FILE = YES;
				INFOPLIST_KEY_UIApplicationSceneManifest_Generation = YES;
				INFOPLIST_KEY_UIApplicationSupportsIndirectInputEvents = YES;
				INFOPLIST_KEY_UILaunchScreen_Generation = YES;
				INFOPLIST_KEY_UISupportedInterfaceOrientations_iPad = "UIInterfaceOrientationPortrait UIInterfaceOrientationPortraitUpsideDown UIInterfaceOrientationLandscapeLeft UIInterfaceOrientationLandscapeRight";
				INFOPLIST_KEY_UISupportedInterfaceOrientations_iPhone = "UIInterfaceOrientationPortrait UIInterfaceOrientationLandscapeLeft UIInterfaceOrientationLandscapeRight";
				LD_RUNPATH_SEARCH_PATHS = (
					"$(inherited)",
					"@executable_path/Frameworks",
				);
				MARKETING_VERSION = 1.0;
				PRODUCT_BUNDLE_IDENTIFIER = com.hyeongyu.HikeApp;
				PRODUCT_NAME = "$(TARGET_NAME)";
				SWIFT_EMIT_LOC_STRINGS = YES;
				SWIFT_VERSION = 5.0;
				TARGETED_DEVICE_FAMILY = "1,2";
			};
			name = Release;
		};
/* End XCBuildConfiguration section */

/* Begin XCConfigurationList section */
		2CA720C12B0CF34300B3AB72 /* Build configuration list for PBXProject "HikeApp" */ = {
			isa = XCConfigurationList;
			buildConfigurations = (
				2CA720D22B0CF34400B3AB72 /* Debug */,
				2CA720D32B0CF34400B3AB72 /* Release */,
			);
			defaultConfigurationIsVisible = 0;
			defaultConfigurationName = Release;
		};
		2CA720D42B0CF34400B3AB72 /* Build configuration list for PBXNativeTarget "HikeApp" */ = {
			isa = XCConfigurationList;
			buildConfigurations = (
				2CA720D52B0CF34400B3AB72 /* Debug */,
				2CA720D62B0CF34400B3AB72 /* Release */,
			);
			defaultConfigurationIsVisible = 0;
			defaultConfigurationName = Release;
		};
/* End XCConfigurationList section */
	};
	rootObject = 2CA720BE2B0CF34300B3AB72 /* Project object */;
}
